
Microsoft Visual Studio Solution File, Format Version 12.00
# Visual Studio Version 17
VisualStudioVersion = 17.3.32929.385
MinimumVisualStudioVersion = 10.0.40219.1
Project("{FAE04EC0-301F-11D3-BF4B-00C04F79EFBC}") = "Client", "Client\Client.csproj", "{77BBCB33-437B-4F72-B5D8-BC2A2FB7B21C}"
EndProject
Global
	GlobalSection(SolutionConfigurationPlatforms) = preSolution
		Debug|Any CPU = Debug|Any CPU
		Release|Any CPU = Release|Any CPU
	EndGlobalSection
	GlobalSection(ProjectConfigurationPlatforms) = postSolution
		{77BBCB33-437B-4F72-B5D8-BC2A2FB7B21C}.Debug|Any CPU.ActiveCfg = Debug|Any CPU
		{77BBCB33-437B-4F72-B5D8-BC2A2FB7B21C}.Debug|Any CPU.Build.0 = Debug|Any CPU
		{77BBCB33-437B-4F72-B5D8-BC2A2FB7B21C}.Release|Any CPU.ActiveCfg = Release|Any CPU
		{77BBCB33-437B-4F72-B5D8-BC2A2FB7B21C}.Release|Any CPU.Build.0 = Release|Any CPU
	EndGlobalSection
	GlobalSection(SolutionProperties) = preSolution
		HideSolutionNode = FALSE
	EndGlobalSection
	GlobalSection(ExtensibilityGlobals) = postSolution
		SolutionGuid = {99AD7937-8E67-4AC1-9F41-B390E35757A4}
	EndGlobalSection
EndGlobal
